Microsoft Visual Studio Solution File, Format Version 12.00
# Visual Studio 2012
Project("{FAE04EC0-301F-11D3-BF4B-00C04F79EFBC}") = "Test 4.6", "Test 4.6.csproj", "{A937C07B-E4BF-4388-80EC-39F7275BD12D}"
EndProject
Global
	GlobalSection(SolutionConfigurationPlatforms) = preSolution
	Debug|Any CPU = Debug|Any CPU
	ExportDebug|Any CPU = ExportDebug|Any CPU
	ExportRelease|Any CPU = ExportRelease|Any CPU
	EndGlobalSection
	GlobalSection(ProjectConfigurationPlatforms) = postSolution
		{A937C07B-E4BF-4388-80EC-39F7275BD12D}.Debug|Any CPU.ActiveCfg = Debug|Any CPU
		{A937C07B-E4BF-4388-80EC-39F7275BD12D}.Debug|Any CPU.Build.0 = Debug|Any CPU
		{A937C07B-E4BF-4388-80EC-39F7275BD12D}.ExportDebug|Any CPU.ActiveCfg = ExportDebug|Any CPU
		{A937C07B-E4BF-4388-80EC-39F7275BD12D}.ExportDebug|Any CPU.Build.0 = ExportDebug|Any CPU
		{A937C07B-E4BF-4388-80EC-39F7275BD12D}.ExportRelease|Any CPU.ActiveCfg = ExportRelease|Any CPU
		{A937C07B-E4BF-4388-80EC-39F7275BD12D}.ExportRelease|Any CPU.Build.0 = ExportRelease|Any CPU
	EndGlobalSection
EndGlobal
